// !$*UTF8*$!
{
	archiveVersion = 1;
	classes = {
	};
	objectVersion = 51;
	objects = {

/* Begin PBXBuildFile section */
		0324F7CF25855EA70058414D /* GoogleService-Info.plist in Resources */ = {isa = PBXBuildFile; fileRef = 0324F7CE25855EA70058414D /* GoogleService-Info.plist */; };
		0324F7DD2585654B0058414D /* Fito.framework in Frameworks */ = {isa = PBXBuildFile; fileRef = 0324F7DB2585652D0058414D /* Fito.framework */; };
		0324F7DE2585654B0058414D /* Fito.framework in Embed Frameworks */ = {isa = PBXBuildFile; fileRef = 0324F7DB2585652D0058414D /* Fito.framework */; settings = {ATTRIBUTES = (CodeSignOnCopy, RemoveHeadersOnCopy, ); }; };
		032526452583314B000A102F /* AppDelegate.swift in Sources */ = {isa = PBXBuildFile; fileRef = 032526442583314B000A102F /* AppDelegate.swift */; };
		032526472583314B000A102F /* SceneDelegate.swift in Sources */ = {isa = PBXBuildFile; fileRef = 032526462583314B000A102F /* SceneDelegate.swift */; };
		0325264E2583314E000A102F /* Assets.xcassets in Resources */ = {isa = PBXBuildFile; fileRef = 0325264D2583314E000A102F /* Assets.xcassets */; };
		032526512583314E000A102F /* LaunchScreen.storyboard in Resources */ = {isa = PBXBuildFile; fileRef = 0325264F2583314E000A102F /* LaunchScreen.storyboard */; };
		0325267D25833172000A102F /* appDelegateEdit.swift in Sources */ = {isa = PBXBuildFile; fileRef = 0325265D25833171000A102F /* appDelegateEdit.swift */; };
		0325267E25833172000A102F /* Host.storyboard in Resources */ = {isa = PBXBuildFile; fileRef = 0325266025833172000A102F /* Host.storyboard */; };
		0325267F25833172000A102F /* HostExt.swift in Sources */ = {isa = PBXBuildFile; fileRef = 0325266125833172000A102F /* HostExt.swift */; };
		0325268025833172000A102F /* MenuExt.swift in Sources */ = {isa = PBXBuildFile; fileRef = 0325266325833172000A102F /* MenuExt.swift */; };
		0325268125833172000A102F /* Menu.storyboard in Resources */ = {isa = PBXBuildFile; fileRef = 0325266425833172000A102F /* Menu.storyboard */; };
		0325268225833172000A102F /* SideMenuItemOptions.swift in Sources */ = {isa = PBXBuildFile; fileRef = 0325266625833172000A102F /* SideMenuItemOptions.swift */; };
		0325268325833172000A102F /* Options.swift in Sources */ = {isa = PBXBuildFile; fileRef = 0325266725833172000A102F /* Options.swift */; };
		0325268425833172000A102F /* MenuContainerViewController.swift in Sources */ = {isa = PBXBuildFile; fileRef = 0325266825833172000A102F /* MenuContainerViewController.swift */; };
		0325268525833172000A102F /* MenuAnimator.swift in Sources */ = {isa = PBXBuildFile; fileRef = 0325266925833172000A102F /* MenuAnimator.swift */; };
		0325268625833172000A102F /* SideMenuItemContent.swift in Sources */ = {isa = PBXBuildFile; fileRef = 0325266A25833172000A102F /* SideMenuItemContent.swift */; };
		0325268725833172000A102F /* MenuTransitioningDelegate.swift in Sources */ = {isa = PBXBuildFile; fileRef = 0325266B25833172000A102F /* MenuTransitioningDelegate.swift */; };
		0325268825833172000A102F /* MenuViewController.swift in Sources */ = {isa = PBXBuildFile; fileRef = 0325266C25833172000A102F /* MenuViewController.swift */; };
		0325268925833172000A102F /* sampleTableCell.swift in Sources */ = {isa = PBXBuildFile; fileRef = 0325266E25833172000A102F /* sampleTableCell.swift */; };
		0325268A25833172000A102F /* storyboardable.swift in Sources */ = {isa = PBXBuildFile; fileRef = 0325266F25833172000A102F /* storyboardable.swift */; };
		0325268B25833172000A102F /* Privacy.storyboard in Resources */ = {isa = PBXBuildFile; fileRef = 0325267225833172000A102F /* Privacy.storyboard */; };
		0325268C25833172000A102F /* PrivacyExt.swift in Sources */ = {isa = PBXBuildFile; fileRef = 0325267325833172000A102F /* PrivacyExt.swift */; };
		0325268D25833172000A102F /* TermsExt.swift in Sources */ = {isa = PBXBuildFile; fileRef = 0325267525833172000A102F /* TermsExt.swift */; };
		0325268E25833172000A102F /* Terms.storyboard in Resources */ = {isa = PBXBuildFile; fileRef = 0325267625833172000A102F /* Terms.storyboard */; };
		0325268F25833172000A102F /* SupportExt.swift in Sources */ = {isa = PBXBuildFile; fileRef = 0325267825833172000A102F /* SupportExt.swift */; };
		0325269025833172000A102F /* Support.storyboard in Resources */ = {isa = PBXBuildFile; fileRef = 0325267925833172000A102F /* Support.storyboard */; };
		0325269125833172000A102F /* CoffeeExt.swift in Sources */ = {isa = PBXBuildFile; fileRef = 0325267B25833172000A102F /* CoffeeExt.swift */; };
		0325269225833172000A102F /* Coffee.storyboard in Resources */ = {isa = PBXBuildFile; fileRef = 0325267C25833172000A102F /* Coffee.storyboard */; };
		0325269C25833178000A102F /* Privacy.swift in Sources */ = {isa = PBXBuildFile; fileRef = 0325269525833178000A102F /* Privacy.swift */; };
		0325269D25833178000A102F /* Terms.swift in Sources */ = {isa = PBXBuildFile; fileRef = 0325269625833178000A102F /* Terms.swift */; };
		0325269E25833178000A102F /* Support.swift in Sources */ = {isa = PBXBuildFile; fileRef = 0325269725833178000A102F /* Support.swift */; };
		0325269F25833178000A102F /* sampleTableColors.swift in Sources */ = {isa = PBXBuildFile; fileRef = 0325269825833178000A102F /* sampleTableColors.swift */; };
		032526A025833178000A102F /* Menu.swift in Sources */ = {isa = PBXBuildFile; fileRef = 0325269925833178000A102F /* Menu.swift */; };
		032526A125833178000A102F /* Coffee.swift in Sources */ = {isa = PBXBuildFile; fileRef = 0325269A25833178000A102F /* Coffee.swift */; };
		032526A225833178000A102F /* Host.swift in Sources */ = {isa = PBXBuildFile; fileRef = 0325269B25833178000A102F /* Host.swift */; };
		032526B725833325000A102F /* GothamUltraItalic.ttf in Resources */ = {isa = PBXBuildFile; fileRef = 032526A925833325000A102F /* GothamUltraItalic.ttf */; };
		032526B825833325000A102F /* GothamXLightItalic.ttf in Resources */ = {isa = PBXBuildFile; fileRef = 032526AA25833325000A102F /* GothamXLightItalic.ttf */; };
		032526B925833325000A102F /* GothamUltra.ttf in Resources */ = {isa = PBXBuildFile; fileRef = 032526AB25833325000A102F /* GothamUltra.ttf */; };
		032526BA25833325000A102F /* GothamLight.ttf in Resources */ = {isa = PBXBuildFile; fileRef = 032526AC25833325000A102F /* GothamLight.ttf */; };
		032526BB25833325000A102F /* GothamBlack.ttf in Resources */ = {isa = PBXBuildFile; fileRef = 032526AD25833325000A102F /* GothamBlack.ttf */; };
		032526BC25833325000A102F /* GothamBlackItalic.ttf in Resources */ = {isa = PBXBuildFile; fileRef = 032526AE25833325000A102F /* GothamBlackItalic.ttf */; };
		032526BD25833325000A102F /* GothamMediumItalic.ttf in Resources */ = {isa = PBXBuildFile; fileRef = 032526AF25833325000A102F /* GothamMediumItalic.ttf */; };
		032526BE25833325000A102F /* GothamBold.ttf in Resources */ = {isa = PBXBuildFile; fileRef = 032526B025833325000A102F /* GothamBold.ttf */; };
		032526BF25833325000A102F /* GothamThinItalic.ttf in Resources */ = {isa = PBXBuildFile; fileRef = 032526B125833325000A102F /* GothamThinItalic.ttf */; };
		032526C025833325000A102F /* GothamBoldItalic.ttf in Resources */ = {isa = PBXBuildFile; fileRef = 032526B225833325000A102F /* GothamBoldItalic.ttf */; };
		032526C125833325000A102F /* GothamXLight.ttf in Resources */ = {isa = PBXBuildFile; fileRef = 032526B325833325000A102F /* GothamXLight.ttf */; };
		032526C225833325000A102F /* GothamLightItalic.ttf in Resources */ = {isa = PBXBuildFile; fileRef = 032526B425833325000A102F /* GothamLightItalic.ttf */; };
		032526C325833325000A102F /* GothamMedium.ttf in Resources */ = {isa = PBXBuildFile; fileRef = 032526B525833325000A102F /* GothamMedium.ttf */; };
		032526C425833325000A102F /* GothamThin.ttf in Resources */ = {isa = PBXBuildFile; fileRef = 032526B625833325000A102F /* GothamThin.ttf */; };
		032526E3258333D4000A102F /* PlayViewController.storyboard in Resources */ = {isa = PBXBuildFile; fileRef = 032526D9258333D4000A102F /* PlayViewController.storyboard */; };
		032526E4258333D4000A102F /* buttonsActions.swift in Sources */ = {isa = PBXBuildFile; fileRef = 032526DC258333D4000A102F /* buttonsActions.swift */; };
		032526E5258333D4000A102F /* buttonsBehaviour.swift in Sources */ = {isa = PBXBuildFile; fileRef = 032526DD258333D4000A102F /* buttonsBehaviour.swift */; };
		032526E6258333D4000A102F /* getData.swift in Sources */ = {isa = PBXBuildFile; fileRef = 032526DE258333D4000A102F /* getData.swift */; };
		032526E7258333D4000A102F /* updateViewData.swift in Sources */ = {isa = PBXBuildFile; fileRef = 032526DF258333D4000A102F /* updateViewData.swift */; };
		032526E9258333D4000A102F /* PlayViewController.swift in Sources */ = {isa = PBXBuildFile; fileRef = 032526E1258333D4000A102F /* PlayViewController.swift */; };
		032526EA258333D4000A102F /* didLoad.swift in Sources */ = {isa = PBXBuildFile; fileRef = 032526E2258333D4000A102F /* didLoad.swift */; };
		03252726258334D2000A102F /* card.swift in Sources */ = {isa = PBXBuildFile; fileRef = 032526F8258334D2000A102F /* card.swift */; };
		03252727258334D2000A102F /* userOddsOfNotBusting.swift in Sources */ = {isa = PBXBuildFile; fileRef = 032526FB258334D2000A102F /* userOddsOfNotBusting.swift */; };
		03252728258334D2000A102F /* userStringFormatting.swift in Sources */ = {isa = PBXBuildFile; fileRef = 032526FC258334D2000A102F /* userStringFormatting.swift */; };
		03252729258334D2000A102F /* user.swift in Sources */ = {isa = PBXBuildFile; fileRef = 032526FD258334D2000A102F /* user.swift */; };
		0325272A258334D2000A102F /* userOddsOfBusting.swift in Sources */ = {isa = PBXBuildFile; fileRef = 032526FE258334D2000A102F /* userOddsOfBusting.swift */; };
		0325272B258334D2000A102F /* userOddsAses.swift in Sources */ = {isa = PBXBuildFile; fileRef = 032526FF258334D2000A102F /* userOddsAses.swift */; };
		0325272C258334D2000A102F /* userData.swift in Sources */ = {isa = PBXBuildFile; fileRef = 03252701258334D2000A102F /* userData.swift */; };
		0325272D258334D2000A102F /* enum-strategy.swift in Sources */ = {isa = PBXBuildFile; fileRef = 03252704258334D2000A102F /* enum-strategy.swift */; };
		0325272E258334D2000A102F /* struct-data.swift in Sources */ = {isa = PBXBuildFile; fileRef = 03252705258334D2000A102F /* struct-data.swift */; };
		0325272F258334D2000A102F /* dataStructs.xcdatamodeld in Sources */ = {isa = PBXBuildFile; fileRef = 03252706258334D2000A102F /* dataStructs.xcdatamodeld */; };
		03252730258334D2000A102F /* strategies.swift in Sources */ = {isa = PBXBuildFile; fileRef = 03252709258334D2000A102F /* strategies.swift */; };
		03252731258334D2000A102F /* game.swift in Sources */ = {isa = PBXBuildFile; fileRef = 0325270A258334D2000A102F /* game.swift */; };
		03252732258334D2000A102F /* publicGameReturns.swift in Sources */ = {isa = PBXBuildFile; fileRef = 0325270C258334D2000A102F /* publicGameReturns.swift */; };
		03252733258334D2000A102F /* publicGameVoids.swift in Sources */ = {isa = PBXBuildFile; fileRef = 0325270D258334D2000A102F /* publicGameVoids.swift */; };
		03252734258334D2000A102F /* dealerOddsOfBusting.swift in Sources */ = {isa = PBXBuildFile; fileRef = 03252710258334D2000A102F /* dealerOddsOfBusting.swift */; };
		03252735258334D2000A102F /* dealer.swift in Sources */ = {isa = PBXBuildFile; fileRef = 03252711258334D2000A102F /* dealer.swift */; };
		03252736258334D2000A102F /* dealerStringFormatting.swift in Sources */ = {isa = PBXBuildFile; fileRef = 03252712258334D2000A102F /* dealerStringFormatting.swift */; };
		03252737258334D2000A102F /* dealerOddsOfStanding.swift in Sources */ = {isa = PBXBuildFile; fileRef = 03252713258334D2000A102F /* dealerOddsOfStanding.swift */; };
		03252738258334D2000A102F /* dealerData.swift in Sources */ = {isa = PBXBuildFile; fileRef = 03252715258334D2000A102F /* dealerData.swift */; };
		03252739258334D2000A102F /* enum-sumResult.swift in Sources */ = {isa = PBXBuildFile; fileRef = 03252718258334D2000A102F /* enum-sumResult.swift */; };
		0325273A258334D2000A102F /* enum-status.swift in Sources */ = {isa = PBXBuildFile; fileRef = 03252719258334D2000A102F /* enum-status.swift */; };
		0325273B258334D2000A102F /* enum-handType.swift in Sources */ = {isa = PBXBuildFile; fileRef = 0325271A258334D2000A102F /* enum-handType.swift */; };
		0325273C258334D2000A102F /* others.swift in Sources */ = {isa = PBXBuildFile; fileRef = 0325271B258334D2000A102F /* others.swift */; };
		0325273D258334D2000A102F /* cardsInternalReturns.swift in Sources */ = {isa = PBXBuildFile; fileRef = 0325271D258334D2000A102F /* cardsInternalReturns.swift */; };
		0325273E258334D2000A102F /* deck.swift in Sources */ = {isa = PBXBuildFile; fileRef = 0325271E258334D2000A102F /* deck.swift */; };
		0325273F258334D2000A102F /* sum.swift in Sources */ = {isa = PBXBuildFile; fileRef = 0325271F258334D2000A102F /* sum.swift */; };
		03252740258334D2000A102F /* stringFormatting.swift in Sources */ = {isa = PBXBuildFile; fileRef = 03252720258334D2000A102F /* stringFormatting.swift */; };
		03252741258334D2000A102F /* status.swift in Sources */ = {isa = PBXBuildFile; fileRef = 03252721258334D2000A102F /* status.swift */; };
		03252742258334D2000A102F /* deckPublicReturns.swift in Sources */ = {isa = PBXBuildFile; fileRef = 03252723258334D2000A102F /* deckPublicReturns.swift */; };
		03252743258334D2000A102F /* updateVoids.swift in Sources */ = {isa = PBXBuildFile; fileRef = 03252724258334D2000A102F /* updateVoids.swift */; };
		03252744258334D2000A102F /* cardsVoids.swift in Sources */ = {isa = PBXBuildFile; fileRef = 03252725258334D2000A102F /* cardsVoids.swift */; };
		03252747258334F4000A102F /* colors.swift in Sources */ = {isa = PBXBuildFile; fileRef = 03252746258334F4000A102F /* colors.swift */; };
		24C410A3197A2FD85D00CFDE /* Pods_BlackHack.framework in Frameworks */ = {isa = PBXBuildFile; fileRef = 52C1A4DEA31D30FC7824ADC0 /* Pods_BlackHack.framework */; };
/* End PBXBuildFile section */

/* Begin PBXCopyFilesBuildPhase section */
		032526A625833229000A102F /* Embed Frameworks */ = {
			isa = PBXCopyFilesBuildPhase;
			buildActionMask = 2147483647;
			dstPath = "";
			dstSubfolderSpec = 10;
			files = (
				0324F7DE2585654B0058414D /* Fito.framework in Embed Frameworks */,
			);
			name = "Embed Frameworks";
			runOnlyForDeploymentPostprocessing = 0;
		};
/* End PBXCopyFilesBuildPhase section */

/* Begin PBXFileReference section */
		0324F7CE25855EA70058414D /* GoogleService-Info.plist */ = {isa = PBXFileReference; fileEncoding = 4; lastKnownFileType = text.plist.xml; name = "GoogleService-Info.plist"; path = "../../../../BlackHack2/BlackHack/GoogleService-Info.plist"; sourceTree = "<group>"; };
		0324F7DB2585652D0058414D /* Fito.framework */ = {isa = PBXFileReference; lastKnownFileType = wrapper.framework; path = Fito.framework; sourceTree = "<group>"; };
		032526412583314B000A102F /* BlackHack.app */ = {isa = PBXFileReference; explicitFileType = wrapper.application; includeInIndex = 0; path = BlackHack.app; sourceTree = BUILT_PRODUCTS_DIR; };
		032526442583314B000A102F /* AppDelegate.swift */ = {isa = PBXFileReference; lastKnownFileType = sourcecode.swift; path = AppDelegate.swift; sourceTree = "<group>"; };
		032526462583314B000A102F /* SceneDelegate.swift */ = {isa = PBXFileReference; lastKnownFileType = sourcecode.swift; path = SceneDelegate.swift; sourceTree = "<group>"; };
		0325264D2583314E000A102F /* Assets.xcassets */ = {isa = PBXFileReference; lastKnownFileType = folder.assetcatalog; path = Assets.xcassets; sourceTree = "<group>"; };
		032526502583314E000A102F /* Base */ = {isa = PBXFileReference; lastKnownFileType = file.storyboard; name = Base; path = Base.lproj/LaunchScreen.storyboard; sourceTree = "<group>"; };
		032526522583314E000A102F /* Info.plist */ = {isa = PBXFileReference; lastKnownFileType = text.plist.xml; path = Info.plist; sourceTree = "<group>"; };
		0325265D25833171000A102F /* appDelegateEdit.swift */ = {isa = PBXFileReference; fileEncoding = 4; lastKnownFileType = sourcecode.swift; path = appDelegateEdit.swift; sourceTree = "<group>"; };
		0325266025833172000A102F /* Host.storyboard */ = {isa = PBXFileReference; fileEncoding = 4; lastKnownFileType = file.storyboard; path = Host.storyboard; sourceTree = "<group>"; };
		0325266125833172000A102F /* HostExt.swift */ = {isa = PBXFileReference; fileEncoding = 4; lastKnownFileType = sourcecode.swift; path = HostExt.swift; sourceTree = "<group>"; };
		0325266325833172000A102F /* MenuExt.swift */ = {isa = PBXFileReference; fileEncoding = 4; lastKnownFileType = sourcecode.swift; path = MenuExt.swift; sourceTree = "<group>"; };
		0325266425833172000A102F /* Menu.storyboard */ = {isa = PBXFileReference; fileEncoding = 4; lastKnownFileType = file.storyboard; path = Menu.storyboard; sourceTree = "<group>"; };
		0325266625833172000A102F /* SideMenuItemOptions.swift */ = {isa = PBXFileReference; fileEncoding = 4; lastKnownFileType = sourcecode.swift; path = SideMenuItemOptions.swift; sourceTree = "<group>"; };
		0325266725833172000A102F /* Options.swift */ = {isa = PBXFileReference; fileEncoding = 4; lastKnownFileType = sourcecode.swift; path = Options.swift; sourceTree = "<group>"; };
		0325266825833172000A102F /* MenuContainerViewController.swift */ = {isa = PBXFileReference; fileEncoding = 4; lastKnownFileType = sourcecode.swift; path = MenuContainerViewController.swift; sourceTree = "<group>"; };
		0325266925833172000A102F /* MenuAnimator.swift */ = {isa = PBXFileReference; fileEncoding = 4; lastKnownFileType = sourcecode.swift; path = MenuAnimator.swift; sourceTree = "<group>"; };
		0325266A25833172000A102F /* SideMenuItemContent.swift */ = {isa = PBXFileReference; fileEncoding = 4; lastKnownFileType = sourcecode.swift; path = SideMenuItemContent.swift; sourceTree = "<group>"; };
		0325266B25833172000A102F /* MenuTransitioningDelegate.swift */ = {isa = PBXFileReference; fileEncoding = 4; lastKnownFileType = sourcecode.swift; path = MenuTransitioningDelegate.swift; sourceTree = "<group>"; };
		0325266C25833172000A102F /* MenuViewController.swift */ = {isa = PBXFileReference; fileEncoding = 4; lastKnownFileType = sourcecode.swift; path = MenuViewController.swift; sourceTree = "<group>"; };
		0325266E25833172000A102F /* sampleTableCell.swift */ = {isa = PBXFileReference; fileEncoding = 4; lastKnownFileType = sourcecode.swift; path = sampleTableCell.swift; sourceTree = "<group>"; };
		0325266F25833172000A102F /* storyboardable.swift */ = {isa = PBXFileReference; fileEncoding = 4; lastKnownFileType = sourcecode.swift; path = storyboardable.swift; sourceTree = "<group>"; };
		0325267225833172000A102F /* Privacy.storyboard */ = {isa = PBXFileReference; fileEncoding = 4; lastKnownFileType = file.storyboard; path = Privacy.storyboard; sourceTree = "<group>"; };
		0325267325833172000A102F /* PrivacyExt.swift */ = {isa = PBXFileReference; fileEncoding = 4; lastKnownFileType = sourcecode.swift; path = PrivacyExt.swift; sourceTree = "<group>"; };
		0325267525833172000A102F /* TermsExt.swift */ = {isa = PBXFileReference; fileEncoding = 4; lastKnownFileType = sourcecode.swift; path = TermsExt.swift; sourceTree = "<group>"; };
		0325267625833172000A102F /* Terms.storyboard */ = {isa = PBXFileReference; fileEncoding = 4; lastKnownFileType = file.storyboard; path = Terms.storyboard; sourceTree = "<group>"; };
		0325267825833172000A102F /* SupportExt.swift */ = {isa = PBXFileReference; fileEncoding = 4; lastKnownFileType = sourcecode.swift; path = SupportExt.swift; sourceTree = "<group>"; };
		0325267925833172000A102F /* Support.storyboard */ = {isa = PBXFileReference; fileEncoding = 4; lastKnownFileType = file.storyboard; path = Support.storyboard; sourceTree = "<group>"; };
		0325267B25833172000A102F /* CoffeeExt.swift */ = {isa = PBXFileReference; fileEncoding = 4; lastKnownFileType = sourcecode.swift; path = CoffeeExt.swift; sourceTree = "<group>"; };
		0325267C25833172000A102F /* Coffee.storyboard */ = {isa = PBXFileReference; fileEncoding = 4; lastKnownFileType = file.storyboard; path = Coffee.storyboard; sourceTree = "<group>"; };
		0325269525833178000A102F /* Privacy.swift */ = {isa = PBXFileReference; fileEncoding = 4; lastKnownFileType = sourcecode.swift; path = Privacy.swift; sourceTree = "<group>"; };
		0325269625833178000A102F /* Terms.swift */ = {isa = PBXFileReference; fileEncoding = 4; lastKnownFileType = sourcecode.swift; path = Terms.swift; sourceTree = "<group>"; };
		0325269725833178000A102F /* Support.swift */ = {isa = PBXFileReference; fileEncoding = 4; lastKnownFileType = sourcecode.swift; path = Support.swift; sourceTree = "<group>"; };
		0325269825833178000A102F /* sampleTableColors.swift */ = {isa = PBXFileReference; fileEncoding = 4; lastKnownFileType = sourcecode.swift; path = sampleTableColors.swift; sourceTree = "<group>"; };
		0325269925833178000A102F /* Menu.swift */ = {isa = PBXFileReference; fileEncoding = 4; lastKnownFileType = sourcecode.swift; path = Menu.swift; sourceTree = "<group>"; };
		0325269A25833178000A102F /* Coffee.swift */ = {isa = PBXFileReference; fileEncoding = 4; lastKnownFileType = sourcecode.swift; path = Coffee.swift; sourceTree = "<group>"; };
		0325269B25833178000A102F /* Host.swift */ = {isa = PBXFileReference; fileEncoding = 4; lastKnownFileType = sourcecode.swift; path = Host.swift; sourceTree = "<group>"; };
		032526A925833325000A102F /* GothamUltraItalic.ttf */ = {isa = PBXFileReference; lastKnownFileType = file; path = GothamUltraItalic.ttf; sourceTree = "<group>"; };
		032526AA25833325000A102F /* GothamXLightItalic.ttf */ = {isa = PBXFileReference; lastKnownFileType = file; path = GothamXLightItalic.ttf; sourceTree = "<group>"; };
		032526AB25833325000A102F /* GothamUltra.ttf */ = {isa = PBXFileReference; lastKnownFileType = file; path = GothamUltra.ttf; sourceTree = "<group>"; };
		032526AC25833325000A102F /* GothamLight.ttf */ = {isa = PBXFileReference; lastKnownFileType = file; path = GothamLight.ttf; sourceTree = "<group>"; };
		032526AD25833325000A102F /* GothamBlack.ttf */ = {isa = PBXFileReference; lastKnownFileType = file; path = GothamBlack.ttf; sourceTree = "<group>"; };
		032526AE25833325000A102F /* GothamBlackItalic.ttf */ = {isa = PBXFileReference; lastKnownFileType = file; path = GothamBlackItalic.ttf; sourceTree = "<group>"; };
		032526AF25833325000A102F /* GothamMediumItalic.ttf */ = {isa = PBXFileReference; lastKnownFileType = file; path = GothamMediumItalic.ttf; sourceTree = "<group>"; };
		032526B025833325000A102F /* GothamBold.ttf */ = {isa = PBXFileReference; lastKnownFileType = file; path = GothamBold.ttf; sourceTree = "<group>"; };
		032526B125833325000A102F /* GothamThinItalic.ttf */ = {isa = PBXFileReference; lastKnownFileType = file; path = GothamThinItalic.ttf; sourceTree = "<group>"; };
		032526B225833325000A102F /* GothamBoldItalic.ttf */ = {isa = PBXFileReference; lastKnownFileType = file; path = GothamBoldItalic.ttf; sourceTree = "<group>"; };
		032526B325833325000A102F /* GothamXLight.ttf */ = {isa = PBXFileReference; lastKnownFileType = file; path = GothamXLight.ttf; sourceTree = "<group>"; };
		032526B425833325000A102F /* GothamLightItalic.ttf */ = {isa = PBXFileReference; lastKnownFileType = file; path = GothamLightItalic.ttf; sourceTree = "<group>"; };
		032526B525833325000A102F /* GothamMedium.ttf */ = {isa = PBXFileReference; lastKnownFileType = file; path = GothamMedium.ttf; sourceTree = "<group>"; };
		032526B625833325000A102F /* GothamThin.ttf */ = {isa = PBXFileReference; lastKnownFileType = file; path = GothamThin.ttf; sourceTree = "<group>"; };
		032526DA258333D4000A102F /* Base */ = {isa = PBXFileReference; lastKnownFileType = file.storyboard; name = Base; path = Base.lproj/PlayViewController.storyboard; sourceTree = "<group>"; };
		032526DC258333D4000A102F /* buttonsActions.swift */ = {isa = PBXFileReference; fileEncoding = 4; lastKnownFileType = sourcecode.swift; path = buttonsActions.swift; sourceTree = "<group>"; };
		032526DD258333D4000A102F /* buttonsBehaviour.swift */ = {isa = PBXFileReference; fileEncoding = 4; lastKnownFileType = sourcecode.swift; path = buttonsBehaviour.swift; sourceTree = "<group>"; };
		032526DE258333D4000A102F /* getData.swift */ = {isa = PBXFileReference; fileEncoding = 4; lastKnownFileType = sourcecode.swift; path = getData.swift; sourceTree = "<group>"; };
		032526DF258333D4000A102F /* updateViewData.swift */ = {isa = PBXFileReference; fileEncoding = 4; lastKnownFileType = sourcecode.swift; path = updateViewData.swift; sourceTree = "<group>"; };
		032526E1258333D4000A102F /* PlayViewController.swift */ = {isa = PBXFileReference; fileEncoding = 4; lastKnownFileType = sourcecode.swift; path = PlayViewController.swift; sourceTree = "<group>"; };
		032526E2258333D4000A102F /* didLoad.swift */ = {isa = PBXFileReference; fileEncoding = 4; lastKnownFileType = sourcecode.swift; path = didLoad.swift; sourceTree = "<group>"; };
		032526F8258334D2000A102F /* card.swift */ = {isa = PBXFileReference; fileEncoding = 4; lastKnownFileType = sourcecode.swift; path = card.swift; sourceTree = "<group>"; };
		032526FB258334D2000A102F /* userOddsOfNotBusting.swift */ = {isa = PBXFileReference; fileEncoding = 4; lastKnownFileType = sourcecode.swift; path = userOddsOfNotBusting.swift; sourceTree = "<group>"; };
		032526FC258334D2000A102F /* userStringFormatting.swift */ = {isa = PBXFileReference; fileEncoding = 4; lastKnownFileType = sourcecode.swift; path = userStringFormatting.swift; sourceTree = "<group>"; };
		032526FD258334D2000A102F /* user.swift */ = {isa = PBXFileReference; fileEncoding = 4; lastKnownFileType = sourcecode.swift; path = user.swift; sourceTree = "<group>"; };
		032526FE258334D2000A102F /* userOddsOfBusting.swift */ = {isa = PBXFileReference; fileEncoding = 4; lastKnownFileType = sourcecode.swift; path = userOddsOfBusting.swift; sourceTree = "<group>"; };
		032526FF258334D2000A102F /* userOddsAses.swift */ = {isa = PBXFileReference; fileEncoding = 4; lastKnownFileType = sourcecode.swift; path = userOddsAses.swift; sourceTree = "<group>"; };
		03252701258334D2000A102F /* userData.swift */ = {isa = PBXFileReference; fileEncoding = 4; lastKnownFileType = sourcecode.swift; path = userData.swift; sourceTree = "<group>"; };
		03252704258334D2000A102F /* enum-strategy.swift */ = {isa = PBXFileReference; fileEncoding = 4; lastKnownFileType = sourcecode.swift; path = "enum-strategy.swift"; sourceTree = "<group>"; };
		03252705258334D2000A102F /* struct-data.swift */ = {isa = PBXFileReference; fileEncoding = 4; lastKnownFileType = sourcecode.swift; path = "struct-data.swift"; sourceTree = "<group>"; };
		03252707258334D2000A102F /* dataStructs.xcdatamodel */ = {isa = PBXFileReference; lastKnownFileType = wrapper.xcdatamodel; path = dataStructs.xcdatamodel; sourceTree = "<group>"; };
		03252709258334D2000A102F /* strategies.swift */ = {isa = PBXFileReference; fileEncoding = 4; lastKnownFileType = sourcecode.swift; path = strategies.swift; sourceTree = "<group>"; };
		0325270A258334D2000A102F /* game.swift */ = {isa = PBXFileReference; fileEncoding = 4; lastKnownFileType = sourcecode.swift; path = game.swift; sourceTree = "<group>"; };
		0325270C258334D2000A102F /* publicGameReturns.swift */ = {isa = PBXFileReference; fileEncoding = 4; lastKnownFileType = sourcecode.swift; path = publicGameReturns.swift; sourceTree = "<group>"; };
		0325270D258334D2000A102F /* publicGameVoids.swift */ = {isa = PBXFileReference; fileEncoding = 4; lastKnownFileType = sourcecode.swift; path = publicGameVoids.swift; sourceTree = "<group>"; };
		03252710258334D2000A102F /* dealerOddsOfBusting.swift */ = {isa = PBXFileReference; fileEncoding = 4; lastKnownFileType = sourcecode.swift; path = dealerOddsOfBusting.swift; sourceTree = "<group>"; };
		03252711258334D2000A102F /* dealer.swift */ = {isa = PBXFileReference; fileEncoding = 4; lastKnownFileType = sourcecode.swift; path = dealer.swift; sourceTree = "<group>"; };
		03252712258334D2000A102F /* dealerStringFormatting.swift */ = {isa = PBXFileReference; fileEncoding = 4; lastKnownFileType = sourcecode.swift; path = dealerStringFormatting.swift; sourceTree = "<group>"; };
		03252713258334D2000A102F /* dealerOddsOfStanding.swift */ = {isa = PBXFileReference; fileEncoding = 4; lastKnownFileType = sourcecode.swift; path = dealerOddsOfStanding.swift; sourceTree = "<group>"; };
		03252715258334D2000A102F /* dealerData.swift */ = {isa = PBXFileReference; fileEncoding = 4; lastKnownFileType = sourcecode.swift; path = dealerData.swift; sourceTree = "<group>"; };
		03252718258334D2000A102F /* enum-sumResult.swift */ = {isa = PBXFileReference; fileEncoding = 4; lastKnownFileType = sourcecode.swift; path = "enum-sumResult.swift"; sourceTree = "<group>"; };
		03252719258334D2000A102F /* enum-status.swift */ = {isa = PBXFileReference; fileEncoding = 4; lastKnownFileType = sourcecode.swift; path = "enum-status.swift"; sourceTree = "<group>"; };
		0325271A258334D2000A102F /* enum-handType.swift */ = {isa = PBXFileReference; fileEncoding = 4; lastKnownFileType = sourcecode.swift; path = "enum-handType.swift"; sourceTree = "<group>"; };
		0325271B258334D2000A102F /* others.swift */ = {isa = PBXFileReference; fileEncoding = 4; lastKnownFileType = sourcecode.swift; path = others.swift; sourceTree = "<group>"; };
		0325271D258334D2000A102F /* cardsInternalReturns.swift */ = {isa = PBXFileReference; fileEncoding = 4; lastKnownFileType = sourcecode.swift; path = cardsInternalReturns.swift; sourceTree = "<group>"; };
		0325271E258334D2000A102F /* deck.swift */ = {isa = PBXFileReference; fileEncoding = 4; lastKnownFileType = sourcecode.swift; path = deck.swift; sourceTree = "<group>"; };
		0325271F258334D2000A102F /* sum.swift */ = {isa = PBXFileReference; fileEncoding = 4; lastKnownFileType = sourcecode.swift; path = sum.swift; sourceTree = "<group>"; };
		03252720258334D2000A102F /* stringFormatting.swift */ = {isa = PBXFileReference; fileEncoding = 4; lastKnownFileType = sourcecode.swift; path = stringFormatting.swift; sourceTree = "<group>"; };
		03252721258334D2000A102F /* status.swift */ = {isa = PBXFileReference; fileEncoding = 4; lastKnownFileType = sourcecode.swift; path = status.swift; sourceTree = "<group>"; };
		03252723258334D2000A102F /* deckPublicReturns.swift */ = {isa = PBXFileReference; fileEncoding = 4; lastKnownFileType = sourcecode.swift; path = deckPublicReturns.swift; sourceTree = "<group>"; };
		03252724258334D2000A102F /* updateVoids.swift */ = {isa = PBXFileReference; fileEncoding = 4; lastKnownFileType = sourcecode.swift; path = updateVoids.swift; sourceTree = "<group>"; };
		03252725258334D2000A102F /* cardsVoids.swift */ = {isa = PBXFileReference; fileEncoding = 4; lastKnownFileType = sourcecode.swift; path = cardsVoids.swift; sourceTree = "<group>"; };
		03252746258334F4000A102F /* colors.swift */ = {isa = PBXFileReference; lastKnownFileType = sourcecode.swift; path = colors.swift; sourceTree = "<group>"; };
		52C1A4DEA31D30FC7824ADC0 /* Pods_BlackHack.framework */ = {isa = PBXFileReference; explicitFileType = wrapper.framework; includeInIndex = 0; path = Pods_BlackHack.framework; sourceTree = BUILT_PRODUCTS_DIR; };
		8DC1C2E7A5D25E71C7921862 /* Pods-BlackHack.debug.xcconfig */ = {isa = PBXFileReference; includeInIndex = 1; lastKnownFileType = text.xcconfig; name = "Pods-BlackHack.debug.xcconfig"; path = "Target Support Files/Pods-BlackHack/Pods-BlackHack.debug.xcconfig"; sourceTree = "<group>"; };
		FC9809F2FE8411B4A299EA5B /* Pods-BlackHack.release.xcconfig */ = {isa = PBXFileReference; includeInIndex = 1; lastKnownFileType = text.xcconfig; name = "Pods-BlackHack.release.xcconfig"; path = "Target Support Files/Pods-BlackHack/Pods-BlackHack.release.xcconfig"; sourceTree = "<group>"; };
/* End PBXFileReference section */

/* Begin PBXFrameworksBuildPhase section */
		0325263E2583314B000A102F /* Frameworks */ = {
			isa = PBXFrameworksBuildPhase;
			buildActionMask = 2147483647;
			files = (
				0324F7DD2585654B0058414D /* Fito.framework in Frameworks */,
				24C410A3197A2FD85D00CFDE /* Pods_BlackHack.framework in Frameworks */,
			);
			runOnlyForDeploymentPostprocessing = 0;
		};
/* End PBXFrameworksBuildPhase section */

/* Begin PBXGroup section */
		032526382583314B000A102F = {
			isa = PBXGroup;
			children = (
				0324F7DB2585652D0058414D /* Fito.framework */,
				0325265C25833171000A102F /* ViewControllersFramework */,
				032526432583314B000A102F /* BlackHack */,
				032526422583314B000A102F /* Products */,
				90CE669951033A66142F12EE /* Pods */,
				E102F1A189680861C7B8608C /* Frameworks */,
			);
			sourceTree = "<group>";
		};
		032526422583314B000A102F /* Products */ = {
			isa = PBXGroup;
			children = (
				032526412583314B000A102F /* BlackHack.app */,
			);
			name = Products;
			sourceTree = "<group>";
		};
		032526432583314B000A102F /* BlackHack */ = {
			isa = PBXGroup;
			children = (
				03252745258334E8000A102F /* Views */,
				0325269425833178000A102F /* Customs */,
				032526442583314B000A102F /* AppDelegate.swift */,
				032526462583314B000A102F /* SceneDelegate.swift */,
				0325264D2583314E000A102F /* Assets.xcassets */,
				0325264F2583314E000A102F /* LaunchScreen.storyboard */,
				032526522583314E000A102F /* Info.plist */,
				0324F7CE25855EA70058414D /* GoogleService-Info.plist */,
			);
			path = BlackHack;
			sourceTree = "<group>";
		};
		0325265C25833171000A102F /* ViewControllersFramework */ = {
			isa = PBXGroup;
			children = (
				032526A725833325000A102F /* Fonts */,
				0325265D25833171000A102F /* appDelegateEdit.swift */,
				0325265E25833171000A102F /* SideMenu */,
				0325267025833172000A102F /* Views */,
			);
			path = ViewControllersFramework;
			sourceTree = "<group>";
		};
		0325265E25833171000A102F /* SideMenu */ = {
			isa = PBXGroup;
			children = (
				0325265F25833171000A102F /* Host */,
				0325266225833172000A102F /* Menu */,
				0325266525833172000A102F /* Sources */,
				0325266D25833172000A102F /* Aux */,
			);
			path = SideMenu;
			sourceTree = "<group>";
		};
		0325265F25833171000A102F /* Host */ = {
			isa = PBXGroup;
			children = (
				0325266025833172000A102F /* Host.storyboard */,
				0325266125833172000A102F /* HostExt.swift */,
			);
			path = Host;
			sourceTree = "<group>";
		};
		0325266225833172000A102F /* Menu */ = {
			isa = PBXGroup;
			children = (
				0325266325833172000A102F /* MenuExt.swift */,
				0325266425833172000A102F /* Menu.storyboard */,
			);
			path = Menu;
			sourceTree = "<group>";
		};
		0325266525833172000A102F /* Sources */ = {
			isa = PBXGroup;
			children = (
				0325266625833172000A102F /* SideMenuItemOptions.swift */,
				0325266725833172000A102F /* Options.swift */,
				0325266825833172000A102F /* MenuContainerViewController.swift */,
				0325266925833172000A102F /* MenuAnimator.swift */,
				0325266A25833172000A102F /* SideMenuItemContent.swift */,
				0325266B25833172000A102F /* MenuTransitioningDelegate.swift */,
				0325266C25833172000A102F /* MenuViewController.swift */,
			);
			path = Sources;
			sourceTree = "<group>";
		};
		0325266D25833172000A102F /* Aux */ = {
			isa = PBXGroup;
			children = (
				0325266E25833172000A102F /* sampleTableCell.swift */,
				0325266F25833172000A102F /* storyboardable.swift */,
			);
			path = Aux;
			sourceTree = "<group>";
		};
		0325267025833172000A102F /* Views */ = {
			isa = PBXGroup;
			children = (
				0325267125833172000A102F /* Privacy */,
				0325267425833172000A102F /* Terms */,
				0325267725833172000A102F /* Support */,
				0325267A25833172000A102F /* Coffee */,
			);
			path = Views;
			sourceTree = "<group>";
		};
		0325267125833172000A102F /* Privacy */ = {
			isa = PBXGroup;
			children = (
				0325267225833172000A102F /* Privacy.storyboard */,
				0325267325833172000A102F /* PrivacyExt.swift */,
			);
			path = Privacy;
			sourceTree = "<group>";
		};
		0325267425833172000A102F /* Terms */ = {
			isa = PBXGroup;
			children = (
				0325267525833172000A102F /* TermsExt.swift */,
				0325267625833172000A102F /* Terms.storyboard */,
			);
			path = Terms;
			sourceTree = "<group>";
		};
		0325267725833172000A102F /* Support */ = {
			isa = PBXGroup;
			children = (
				0325267825833172000A102F /* SupportExt.swift */,
				0325267925833172000A102F /* Support.storyboard */,
			);
			path = Support;
			sourceTree = "<group>";
		};
		0325267A25833172000A102F /* Coffee */ = {
			isa = PBXGroup;
			children = (
				0325267B25833172000A102F /* CoffeeExt.swift */,
				0325267C25833172000A102F /* Coffee.storyboard */,
			);
			path = Coffee;
			sourceTree = "<group>";
		};
		0325269425833178000A102F /* Customs */ = {
			isa = PBXGroup;
			children = (
				0325269525833178000A102F /* Privacy.swift */,
				0325269625833178000A102F /* Terms.swift */,
				0325269725833178000A102F /* Support.swift */,
				0325269825833178000A102F /* sampleTableColors.swift */,
				0325269925833178000A102F /* Menu.swift */,
				0325269A25833178000A102F /* Coffee.swift */,
				0325269B25833178000A102F /* Host.swift */,
			);
			path = Customs;
			sourceTree = "<group>";
		};
		032526A725833325000A102F /* Fonts */ = {
			isa = PBXGroup;
			children = (
				032526A825833325000A102F /* Gotham */,
			);
			path = Fonts;
			sourceTree = "<group>";
		};
		032526A825833325000A102F /* Gotham */ = {
			isa = PBXGroup;
			children = (
				032526A925833325000A102F /* GothamUltraItalic.ttf */,
				032526AA25833325000A102F /* GothamXLightItalic.ttf */,
				032526AB25833325000A102F /* GothamUltra.ttf */,
				032526AC25833325000A102F /* GothamLight.ttf */,
				032526AD25833325000A102F /* GothamBlack.ttf */,
				032526AE25833325000A102F /* GothamBlackItalic.ttf */,
				032526AF25833325000A102F /* GothamMediumItalic.ttf */,
				032526B025833325000A102F /* GothamBold.ttf */,
				032526B125833325000A102F /* GothamThinItalic.ttf */,
				032526B225833325000A102F /* GothamBoldItalic.ttf */,
				032526B325833325000A102F /* GothamXLight.ttf */,
				032526B425833325000A102F /* GothamLightItalic.ttf */,
				032526B525833325000A102F /* GothamMedium.ttf */,
				032526B625833325000A102F /* GothamThin.ttf */,
			);
			path = Gotham;
			sourceTree = "<group>";
		};
		032526D8258333D4000A102F /* Play */ = {
			isa = PBXGroup;
			children = (
				032526D9258333D4000A102F /* PlayViewController.storyboard */,
				032526DB258333D4000A102F /* VC */,
			);
			path = Play;
			sourceTree = "<group>";
		};
		032526DB258333D4000A102F /* VC */ = {
			isa = PBXGroup;
			children = (
				032526DC258333D4000A102F /* buttonsActions.swift */,
				032526DD258333D4000A102F /* buttonsBehaviour.swift */,
				032526DE258333D4000A102F /* getData.swift */,
				032526DF258333D4000A102F /* updateViewData.swift */,
				032526E1258333D4000A102F /* PlayViewController.swift */,
				032526E2258333D4000A102F /* didLoad.swift */,
			);
			path = VC;
			sourceTree = "<group>";
		};
		032526F6258334D2000A102F /* Source */ = {
			isa = PBXGroup;
			children = (
				032526F7258334D2000A102F /* Card */,
				032526F9258334D2000A102F /* User */,
				03252702258334D2000A102F /* Game */,
				0325270E258334D2000A102F /* Dealer */,
				03252716258334D2000A102F /* Deck */,
			);
			path = Source;
			sourceTree = "<group>";
		};
		032526F7258334D2000A102F /* Card */ = {
			isa = PBXGroup;
			children = (
				032526F8258334D2000A102F /* card.swift */,
			);
			path = Card;
			sourceTree = "<group>";
		};
		032526F9258334D2000A102F /* User */ = {
			isa = PBXGroup;
			children = (
				032526FA258334D2000A102F /* internal */,
				03252700258334D2000A102F /* public */,
			);
			path = User;
			sourceTree = "<group>";
		};
		032526FA258334D2000A102F /* internal */ = {
			isa = PBXGroup;
			children = (
				032526FB258334D2000A102F /* userOddsOfNotBusting.swift */,
				032526FC258334D2000A102F /* userStringFormatting.swift */,
				032526FD258334D2000A102F /* user.swift */,
				032526FE258334D2000A102F /* userOddsOfBusting.swift */,
				032526FF258334D2000A102F /* userOddsAses.swift */,
			);
			path = internal;
			sourceTree = "<group>";
		};
		03252700258334D2000A102F /* public */ = {
			isa = PBXGroup;
			children = (
				03252701258334D2000A102F /* userData.swift */,
			);
			path = public;
			sourceTree = "<group>";
		};
		03252702258334D2000A102F /* Game */ = {
			isa = PBXGroup;
			children = (
				03252703258334D2000A102F /* types */,
				03252706258334D2000A102F /* dataStructs.xcdatamodeld */,
				03252708258334D2000A102F /* internal */,
				0325270B258334D2000A102F /* public */,
			);
			path = Game;
			sourceTree = "<group>";
		};
		03252703258334D2000A102F /* types */ = {
			isa = PBXGroup;
			children = (
				03252704258334D2000A102F /* enum-strategy.swift */,
				03252705258334D2000A102F /* struct-data.swift */,
			);
			path = types;
			sourceTree = "<group>";
		};
		03252708258334D2000A102F /* internal */ = {
			isa = PBXGroup;
			children = (
				03252709258334D2000A102F /* strategies.swift */,
				0325270A258334D2000A102F /* game.swift */,
			);
			path = internal;
			sourceTree = "<group>";
		};
		0325270B258334D2000A102F /* public */ = {
			isa = PBXGroup;
			children = (
				0325270C258334D2000A102F /* publicGameReturns.swift */,
				0325270D258334D2000A102F /* publicGameVoids.swift */,
			);
			path = public;
			sourceTree = "<group>";
		};
		0325270E258334D2000A102F /* Dealer */ = {
			isa = PBXGroup;
			children = (
				0325270F258334D2000A102F /* internal */,
				03252714258334D2000A102F /* public */,
			);
			path = Dealer;
			sourceTree = "<group>";
		};
		0325270F258334D2000A102F /* internal */ = {
			isa = PBXGroup;
			children = (
				03252710258334D2000A102F /* dealerOddsOfBusting.swift */,
				03252711258334D2000A102F /* dealer.swift */,
				03252712258334D2000A102F /* dealerStringFormatting.swift */,
				03252713258334D2000A102F /* dealerOddsOfStanding.swift */,
			);
			path = internal;
			sourceTree = "<group>";
		};
		03252714258334D2000A102F /* public */ = {
			isa = PBXGroup;
			children = (
				03252715258334D2000A102F /* dealerData.swift */,
			);
			path = public;
			sourceTree = "<group>";
		};
		03252716258334D2000A102F /* Deck */ = {
			isa = PBXGroup;
			children = (
				03252717258334D2000A102F /* types */,
				0325271B258334D2000A102F /* others.swift */,
				0325271C258334D2000A102F /* internal */,
				03252722258334D2000A102F /* public */,
			);
			path = Deck;
			sourceTree = "<group>";
		};
		03252717258334D2000A102F /* types */ = {
			isa = PBXGroup;
			children = (
				03252718258334D2000A102F /* enum-sumResult.swift */,
				03252719258334D2000A102F /* enum-status.swift */,
				0325271A258334D2000A102F /* enum-handType.swift */,
			);
			path = types;
			sourceTree = "<group>";
		};
		0325271C258334D2000A102F /* internal */ = {
			isa = PBXGroup;
			children = (
				0325271D258334D2000A102F /* cardsInternalReturns.swift */,
				0325271E258334D2000A102F /* deck.swift */,
				0325271F258334D2000A102F /* sum.swift */,
				03252720258334D2000A102F /* stringFormatting.swift */,
				03252721258334D2000A102F /* status.swift */,
			);
			path = internal;
			sourceTree = "<group>";
		};
		03252722258334D2000A102F /* public */ = {
			isa = PBXGroup;
			children = (
				03252723258334D2000A102F /* deckPublicReturns.swift */,
				03252724258334D2000A102F /* updateVoids.swift */,
				03252725258334D2000A102F /* cardsVoids.swift */,
			);
			path = public;
			sourceTree = "<group>";
		};
		03252745258334E8000A102F /* Views */ = {
			isa = PBXGroup;
			children = (
				032526F6258334D2000A102F /* Source */,
				032526D8258333D4000A102F /* Play */,
				03252746258334F4000A102F /* colors.swift */,
			);
			path = Views;
			sourceTree = "<group>";
		};
		90CE669951033A66142F12EE /* Pods */ = {
			isa = PBXGroup;
			children = (
				8DC1C2E7A5D25E71C7921862 /* Pods-BlackHack.debug.xcconfig */,
				FC9809F2FE8411B4A299EA5B /* Pods-BlackHack.release.xcconfig */,
			);
			path = Pods;
			sourceTree = "<group>";
		};
		E102F1A189680861C7B8608C /* Frameworks */ = {
			isa = PBXGroup;
			children = (
				52C1A4DEA31D30FC7824ADC0 /* Pods_BlackHack.framework */,
			);
			name = Frameworks;
			sourceTree = "<group>";
		};
/* End PBXGroup section */

/* Begin PBXNativeTarget section */
		032526402583314B000A102F /* BlackHack */ = {
			isa = PBXNativeTarget;
			buildConfigurationList = 032526552583314E000A102F /* Build configuration list for PBXNativeTarget "BlackHack" */;
			buildPhases = (
				B357EAB9558D1D96AD9C3C3C /* [CP] Check Pods Manifest.lock */,
				0325263D2583314B000A102F /* Sources */,
				0325263E2583314B000A102F /* Frameworks */,
				0325263F2583314B000A102F /* Resources */,
				032526A625833229000A102F /* Embed Frameworks */,
				0E47869C5A29FDB9B628A52A /* [CP] Embed Pods Frameworks */,
			);
			buildRules = (
			);
			dependencies = (
			);
			name = BlackHack;
			productName = BlackHack;
			productReference = 032526412583314B000A102F /* BlackHack.app */;
			productType = "com.apple.product-type.application";
		};
/* End PBXNativeTarget section */

/* Begin PBXProject section */
		032526392583314B000A102F /* Project object */ = {
			isa = PBXProject;
			attributes = {
				LastSwiftUpdateCheck = 1220;
				LastUpgradeCheck = 1220;
				TargetAttributes = {
					032526402583314B000A102F = {
						CreatedOnToolsVersion = 12.2;
					};
				};
			};
			buildConfigurationList = 0325263C2583314B000A102F /* Build configuration list for PBXProject "BlackHack" */;
			compatibilityVersion = "Xcode 9.3";
			developmentRegion = en;
			hasScannedForEncodings = 0;
			knownRegions = (
				en,
				Base,
			);
			mainGroup = 032526382583314B000A102F;
			productRefGroup = 032526422583314B000A102F /* Products */;
			projectDirPath = "";
			projectRoot = "";
			targets = (
				032526402583314B000A102F /* BlackHack */,
			);
		};
/* End PBXProject section */

/* Begin PBXResourcesBuildPhase section */
		0325263F2583314B000A102F /* Resources */ = {
			isa = PBXResourcesBuildPhase;
			buildActionMask = 2147483647;
			files = (
				0325268E25833172000A102F /* Terms.storyboard in Resources */,
				032526B725833325000A102F /* GothamUltraItalic.ttf in Resources */,
				032526BB25833325000A102F /* GothamBlack.ttf in Resources */,
				0325268125833172000A102F /* Menu.storyboard in Resources */,
				032526B925833325000A102F /* GothamUltra.ttf in Resources */,
				032526BA25833325000A102F /* GothamLight.ttf in Resources */,
				032526BE25833325000A102F /* GothamBold.ttf in Resources */,
				032526BF25833325000A102F /* GothamThinItalic.ttf in Resources */,
				032526C425833325000A102F /* GothamThin.ttf in Resources */,
				032526E3258333D4000A102F /* PlayViewController.storyboard in Resources */,
				0325267E25833172000A102F /* Host.storyboard in Resources */,
				032526BC25833325000A102F /* GothamBlackItalic.ttf in Resources */,
				032526C225833325000A102F /* GothamLightItalic.ttf in Resources */,
				032526C325833325000A102F /* GothamMedium.ttf in Resources */,
				032526512583314E000A102F /* LaunchScreen.storyboard in Resources */,
				032526BD25833325000A102F /* GothamMediumItalic.ttf in Resources */,
				0325269225833172000A102F /* Coffee.storyboard in Resources */,
				0324F7CF25855EA70058414D /* GoogleService-Info.plist in Resources */,
				0325264E2583314E000A102F /* Assets.xcassets in Resources */,
				0325269025833172000A102F /* Support.storyboard in Resources */,
				032526C125833325000A102F /* GothamXLight.ttf in Resources */,
				0325268B25833172000A102F /* Privacy.storyboard in Resources */,
				032526C025833325000A102F /* GothamBoldItalic.ttf in Resources */,
				032526B825833325000A102F /* GothamXLightItalic.ttf in Resources */,
			);
			runOnlyForDeploymentPostprocessing = 0;
		};
/* End PBXResourcesBuildPhase section */

/* Begin PBXShellScriptBuildPhase section */
		0E47869C5A29FDB9B628A52A /* [CP] Embed Pods Frameworks */ = {
			isa = PBXShellScriptBuildPhase;
			buildActionMask = 2147483647;
			files = (
			);
			inputFileListPaths = (
				"${PODS_ROOT}/Target Support Files/Pods-BlackHack/Pods-BlackHack-frameworks-${CONFIGURATION}-input-files.xcfilelist",
			);
			name = "[CP] Embed Pods Frameworks";
			outputFileListPaths = (
				"${PODS_ROOT}/Target Support Files/Pods-BlackHack/Pods-BlackHack-frameworks-${CONFIGURATION}-output-files.xcfilelist",
			);
			runOnlyForDeploymentPostprocessing = 0;
			shellPath = /bin/sh;
			shellScript = "\"${PODS_ROOT}/Target Support Files/Pods-BlackHack/Pods-BlackHack-frameworks.sh\"\n";
			showEnvVarsInLog = 0;
		};
		B357EAB9558D1D96AD9C3C3C /* [CP] Check Pods Manifest.lock */ = {
			isa = PBXShellScriptBuildPhase;
			buildActionMask = 2147483647;
			files = (
			);
			inputFileListPaths = (
			);
			inputPaths = (
				"${PODS_PODFILE_DIR_PATH}/Podfile.lock",
				"${PODS_ROOT}/Manifest.lock",
			);
			name = "[CP] Check Pods Manifest.lock";
			outputFileListPaths = (
			);
			outputPaths = (
				"$(DERIVED_FILE_DIR)/Pods-BlackHack-checkManifestLockResult.txt",
			);
			runOnlyForDeploymentPostprocessing = 0;
			shellPath = /bin/sh;
			shellScript = "diff \"${PODS_PODFILE_DIR_PATH}/Podfile.lock\" \"${PODS_ROOT}/Manifest.lock\" > /dev/null\nif [ $? != 0 ] ; then\n    # print error to STDERR\n    echo \"error: The sandbox is not in sync with the Podfile.lock. Run 'pod install' or update your CocoaPods installation.\" >&2\n    exit 1\nfi\n# This output is used by Xcode 'outputs' to avoid re-running this script phase.\necho \"SUCCESS\" > \"${SCRIPT_OUTPUT_FILE_0}\"\n";
			showEnvVarsInLog = 0;
		};
/* End PBXShellScriptBuildPhase section */

/* Begin PBXSourcesBuildPhase section */
		0325263D2583314B000A102F /* Sources */ = {
			isa = PBXSourcesBuildPhase;
			buildActionMask = 2147483647;
			files = (
				032526EA258333D4000A102F /* didLoad.swift in Sources */,
				03252727258334D2000A102F /* userOddsOfNotBusting.swift in Sources */,
				0325272A258334D2000A102F /* userOddsOfBusting.swift in Sources */,
				0325268625833172000A102F /* SideMenuItemContent.swift in Sources */,
				0325273C258334D2000A102F /* others.swift in Sources */,
				0325268025833172000A102F /* MenuExt.swift in Sources */,
				03252739258334D2000A102F /* enum-sumResult.swift in Sources */,
				03252726258334D2000A102F /* card.swift in Sources */,
				0325272B258334D2000A102F /* userOddsAses.swift in Sources */,
				0325268525833172000A102F /* MenuAnimator.swift in Sources */,
				03252741258334D2000A102F /* status.swift in Sources */,
				0325269F25833178000A102F /* sampleTableColors.swift in Sources */,
				03252740258334D2000A102F /* stringFormatting.swift in Sources */,
				03252743258334D2000A102F /* updateVoids.swift in Sources */,
				03252742258334D2000A102F /* deckPublicReturns.swift in Sources */,
				0325272F258334D2000A102F /* dataStructs.xcdatamodeld in Sources */,
				0325272E258334D2000A102F /* struct-data.swift in Sources */,
				03252734258334D2000A102F /* dealerOddsOfBusting.swift in Sources */,
				0325273F258334D2000A102F /* sum.swift in Sources */,
				03252731258334D2000A102F /* game.swift in Sources */,
				0325268925833172000A102F /* sampleTableCell.swift in Sources */,
				0325267F25833172000A102F /* HostExt.swift in Sources */,
				0325273B258334D2000A102F /* enum-handType.swift in Sources */,
				0325269C25833178000A102F /* Privacy.swift in Sources */,
				03252735258334D2000A102F /* dealer.swift in Sources */,
				032526E9258333D4000A102F /* PlayViewController.swift in Sources */,
				0325268425833172000A102F /* MenuContainerViewController.swift in Sources */,
				0325268F25833172000A102F /* SupportExt.swift in Sources */,
				03252730258334D2000A102F /* strategies.swift in Sources */,
				0325268225833172000A102F /* SideMenuItemOptions.swift in Sources */,
				03252747258334F4000A102F /* colors.swift in Sources */,
				0325268825833172000A102F /* MenuViewController.swift in Sources */,
				0325272C258334D2000A102F /* userData.swift in Sources */,
				03252737258334D2000A102F /* dealerOddsOfStanding.swift in Sources */,
				032526E4258333D4000A102F /* buttonsActions.swift in Sources */,
				03252736258334D2000A102F /* dealerStringFormatting.swift in Sources */,
				032526E6258333D4000A102F /* getData.swift in Sources */,
				0325269E25833178000A102F /* Support.swift in Sources */,
				03252733258334D2000A102F /* publicGameVoids.swift in Sources */,
				032526E7258333D4000A102F /* updateViewData.swift in Sources */,
				0325272D258334D2000A102F /* enum-strategy.swift in Sources */,
				0325269D25833178000A102F /* Terms.swift in Sources */,
				0325268725833172000A102F /* MenuTransitioningDelegate.swift in Sources */,
				0325273E258334D2000A102F /* deck.swift in Sources */,
				0325273D258334D2000A102F /* cardsInternalReturns.swift in Sources */,
				0325273A258334D2000A102F /* enum-status.swift in Sources */,
				0325268C25833172000A102F /* PrivacyExt.swift in Sources */,
				0325268325833172000A102F /* Options.swift in Sources */,
				032526A225833178000A102F /* Host.swift in Sources */,
				032526452583314B000A102F /* AppDelegate.swift in Sources */,
				03252728258334D2000A102F /* userStringFormatting.swift in Sources */,
				032526A025833178000A102F /* Menu.swift in Sources */,
				032526E5258333D4000A102F /* buttonsBehaviour.swift in Sources */,
				0325269125833172000A102F /* CoffeeExt.swift in Sources */,
				0325268A25833172000A102F /* storyboardable.swift in Sources */,
				03252729258334D2000A102F /* user.swift in Sources */,
				03252732258334D2000A102F /* publicGameReturns.swift in Sources */,
				03252738258334D2000A102F /* dealerData.swift in Sources */,
				0325268D25833172000A102F /* TermsExt.swift in Sources */,
				0325267D25833172000A102F /* appDelegateEdit.swift in Sources */,
				03252744258334D2000A102F /* cardsVoids.swift in Sources */,
				032526472583314B000A102F /* SceneDelegate.swift in Sources */,
				032526A125833178000A102F /* Coffee.swift in Sources */,
			);
			runOnlyForDeploymentPostprocessing = 0;
		};
/* End PBXSourcesBuildPhase section */

/* Begin PBXVariantGroup section */
		0325264F2583314E000A102F /* LaunchScreen.storyboard */ = {
			isa = PBXVariantGroup;
			children = (
				032526502583314E000A102F /* Base */,
			);
			name = LaunchScreen.storyboard;
			sourceTree = "<group>";
		};
		032526D9258333D4000A102F /* PlayViewController.storyboard */ = {
			isa = PBXVariantGroup;
			children = (
				032526DA258333D4000A102F /* Base */,
			);
			name = PlayViewController.storyboard;
			sourceTree = "<group>";
		};
/* End PBXVariantGroup section */

/* Begin XCBuildConfiguration section */
		032526532583314E000A102F /* Debug */ = {
			isa = XCBuildConfiguration;
			buildSettings = {
				ALWAYS_SEARCH_USER_PATHS = NO;
				CLANG_ANALYZER_NONNULL = YES;
				CLANG_ANALYZER_NUMBER_OBJECT_CONVERSION = YES_AGGRESSIVE;
				CLANG_CXX_LANGUAGE_STANDARD = "gnu++14";
				CLANG_CXX_LIBRARY = "libc++";
				CLANG_ENABLE_MODULES = YES;
				CLANG_ENABLE_OBJC_ARC = YES;
				CLANG_ENABLE_OBJC_WEAK = YES;
				CLANG_WARN_BLOCK_CAPTURE_AUTORELEASING = YES;
				CLANG_WARN_BOOL_CONVERSION = YES;
				CLANG_WARN_COMMA = YES;
				CLANG_WARN_CONSTANT_CONVERSION = YES;
				CLANG_WARN_DEPRECATED_OBJC_IMPLEMENTATIONS = YES;
				CLANG_WARN_DIRECT_OBJC_ISA_USAGE = YES_ERROR;
				CLANG_WARN_DOCUMENTATION_COMMENTS = YES;
				CLANG_WARN_EMPTY_BODY = YES;
				CLANG_WARN_ENUM_CONVERSION = YES;
				CLANG_WARN_INFINITE_RECURSION = YES;
				CLANG_WARN_INT_CONVERSION = YES;
				CLANG_WARN_NON_LITERAL_NULL_CONVERSION = YES;
				CLANG_WARN_OBJC_IMPLICIT_RETAIN_SELF = YES;
				CLANG_WARN_OBJC_LITERAL_CONVERSION = YES;
				CLANG_WARN_OBJC_ROOT_CLASS = YES_ERROR;
				CLANG_WARN_QUOTED_INCLUDE_IN_FRAMEWORK_HEADER = YES;
				CLANG_WARN_RANGE_LOOP_ANALYSIS = YES;
				CLANG_WARN_STRICT_PROTOTYPES = YES;
				CLANG_WARN_SUSPICIOUS_MOVE = YES;
				CLANG_WARN_UNGUARDED_AVAILABILITY = YES_AGGRESSIVE;
				CLANG_WARN_UNREACHABLE_CODE = YES;
				CLANG_WARN__DUPLICATE_METHOD_MATCH = YES;
				COPY_PHASE_STRIP = NO;
				DEBUG_INFORMATION_FORMAT = dwarf;
				ENABLE_STRICT_OBJC_MSGSEND = YES;
				ENABLE_TESTABILITY = YES;
				GCC_C_LANGUAGE_STANDARD = gnu11;
				GCC_DYNAMIC_NO_PIC = NO;
				GCC_NO_COMMON_BLOCKS = YES;
				GCC_OPTIMIZATION_LEVEL = 0;
				GCC_PREPROCESSOR_DEFINITIONS = (
					"DEBUG=1",
					"$(inherited)",
				);
				GCC_WARN_64_TO_32_BIT_CONVERSION = YES;
				GCC_WARN_ABOUT_RETURN_TYPE = YES_ERROR;
				GCC_WARN_UNDECLARED_SELECTOR = YES;
				GCC_WARN_UNINITIALIZED_AUTOS = YES_AGGRESSIVE;
				GCC_WARN_UNUSED_FUNCTION = YES;
				GCC_WARN_UNUSED_VARIABLE = YES;
				IPHONEOS_DEPLOYMENT_TARGET = 14.2;
				MTL_ENABLE_DEBUG_INFO = INCLUDE_SOURCE;
				MTL_FAST_MATH = YES;
				ONLY_ACTIVE_ARCH = YES;
				SDKROOT = iphoneos;
				SWIFT_ACTIVE_COMPILATION_CONDITIONS = DEBUG;
				SWIFT_OPTIMIZATION_LEVEL = "-Onone";
			};
			name = Debug;
		};
		032526542583314E000A102F /* Release */ = {
			isa = XCBuildConfiguration;
			buildSettings = {
				ALWAYS_SEARCH_USER_PATHS = NO;
				CLANG_ANALYZER_NONNULL = YES;
				CLANG_ANALYZER_NUMBER_OBJECT_CONVERSION = YES_AGGRESSIVE;
				CLANG_CXX_LANGUAGE_STANDARD = "gnu++14";
				CLANG_CXX_LIBRARY = "libc++";
				CLANG_ENABLE_MODULES = YES;
				CLANG_ENABLE_OBJC_ARC = YES;
				CLANG_ENABLE_OBJC_WEAK = YES;
				CLANG_WARN_BLOCK_CAPTURE_AUTORELEASING = YES;
				CLANG_WARN_BOOL_CONVERSION = YES;
				CLANG_WARN_COMMA = YES;
				CLANG_WARN_CONSTANT_CONVERSION = YES;
				CLANG_WARN_DEPRECATED_OBJC_IMPLEMENTATIONS = YES;
				CLANG_WARN_DIRECT_OBJC_ISA_USAGE = YES_ERROR;
				CLANG_WARN_DOCUMENTATION_COMMENTS = YES;
				CLANG_WARN_EMPTY_BODY = YES;
				CLANG_WARN_ENUM_CONVERSION = YES;
				CLANG_WARN_INFINITE_RECURSION = YES;
				CLANG_WARN_INT_CONVERSION = YES;
				CLANG_WARN_NON_LITERAL_NULL_CONVERSION = YES;
				CLANG_WARN_OBJC_IMPLICIT_RETAIN_SELF = YES;
				CLANG_WARN_OBJC_LITERAL_CONVERSION = YES;
				CLANG_WARN_OBJC_ROOT_CLASS = YES_ERROR;
				CLANG_WARN_QUOTED_INCLUDE_IN_FRAMEWORK_HEADER = YES;
				CLANG_WARN_RANGE_LOOP_ANALYSIS = YES;
				CLANG_WARN_STRICT_PROTOTYPES = YES;
				CLANG_WARN_SUSPICIOUS_MOVE = YES;
				CLANG_WARN_UNGUARDED_AVAILABILITY = YES_AGGRESSIVE;
				CLANG_WARN_UNREACHABLE_CODE = YES;
				CLANG_WARN__DUPLICATE_METHOD_MATCH = YES;
				COPY_PHASE_STRIP = NO;
				DEBUG_INFORMATION_FORMAT = "dwarf-with-dsym";
				ENABLE_NS_ASSERTIONS = NO;
				ENABLE_STRICT_OBJC_MSGSEND = YES;
				GCC_C_LANGUAGE_STANDARD = gnu11;
				GCC_NO_COMMON_BLOCKS = YES;
				GCC_WARN_64_TO_32_BIT_CONVERSION = YES;
				GCC_WARN_ABOUT_RETURN_TYPE = YES_ERROR;
				GCC_WARN_UNDECLARED_SELECTOR = YES;
				GCC_WARN_UNINITIALIZED_AUTOS = YES_AGGRESSIVE;
				GCC_WARN_UNUSED_FUNCTION = YES;
				GCC_WARN_UNUSED_VARIABLE = YES;
				IPHONEOS_DEPLOYMENT_TARGET = 14.2;
				MTL_ENABLE_DEBUG_INFO = NO;
				MTL_FAST_MATH = YES;
				SDKROOT = iphoneos;
				SWIFT_COMPILATION_MODE = wholemodule;
				SWIFT_OPTIMIZATION_LEVEL = "-O";
				VALIDATE_PRODUCT = YES;
			};
			name = Release;
		};
		032526562583314E000A102F /* Debug */ = {
			isa = XCBuildConfiguration;
			baseConfigurationReference = 8DC1C2E7A5D25E71C7921862 /* Pods-BlackHack.debug.xcconfig */;
			buildSettings = {
				ASSETCATALOG_COMPILER_APPICON_NAME = AppIcon;
				ASSETCATALOG_COMPILER_GLOBAL_ACCENT_COLOR_NAME = AccentColor;
				CODE_SIGN_STYLE = Automatic;
				DEVELOPMENT_TEAM = KRJ3VT33GB;
				FRAMEWORK_SEARCH_PATHS = (
					"$(inherited)",
					"$(PROJECT_DIR)",
				);
				INFOPLIST_FILE = BlackHack/Info.plist;
				LD_RUNPATH_SEARCH_PATHS = (
					"$(inherited)",
					"@executable_path/Frameworks",
				);
				PRODUCT_BUNDLE_IDENTIFIER = dev.nicoacosta.BlackHack;
				PRODUCT_NAME = "$(TARGET_NAME)";
				SWIFT_VERSION = 5.0;
				TARGETED_DEVICE_FAMILY = "1,2";
			};
			name = Debug;
		};
		032526572583314E000A102F /* Release */ = {
			isa = XCBuildConfiguration;
			baseConfigurationReference = FC9809F2FE8411B4A299EA5B /* Pods-BlackHack.release.xcconfig */;
			buildSettings = {
				ASSETCATALOG_COMPILER_APPICON_NAME = AppIcon;
				ASSETCATALOG_COMPILER_GLOBAL_ACCENT_COLOR_NAME = AccentColor;
				CODE_SIGN_STYLE = Automatic;
				DEVELOPMENT_TEAM = KRJ3VT33GB;
				FRAMEWORK_SEARCH_PATHS = (
					"$(inherited)",
					"$(PROJECT_DIR)",
				);
				INFOPLIST_FILE = BlackHack/Info.plist;
				LD_RUNPATH_SEARCH_PATHS = (
					"$(inherited)",
					"@executable_path/Frameworks",
				);
				PRODUCT_BUNDLE_IDENTIFIER = dev.nicoacosta.BlackHack;
				PRODUCT_NAME = "$(TARGET_NAME)";
				SWIFT_VERSION = 5.0;
				TARGETED_DEVICE_FAMILY = "1,2";
			};
			name = Release;
		};
/* End XCBuildConfiguration section */

/* Begin XCConfigurationList section */
		0325263C2583314B000A102F /* Build configuration list for PBXProject "BlackHack" */ = {
			isa = XCConfigurationList;
			buildConfigurations = (
				032526532583314E000A102F /* Debug */,
				032526542583314E000A102F /* Release */,
			);
			defaultConfigurationIsVisible = 0;
			defaultConfigurationName = Release;
		};
		032526552583314E000A102F /* Build configuration list for PBXNativeTarget "BlackHack" */ = {
			isa = XCConfigurationList;
			buildConfigurations = (
				032526562583314E000A102F /* Debug */,
				032526572583314E000A102F /* Release */,
			);
			defaultConfigurationIsVisible = 0;
			defaultConfigurationName = Release;
		};
/* End XCConfigurationList section */

/* Begin XCVersionGroup section */
		03252706258334D2000A102F /* dataStructs.xcdatamodeld */ = {
			isa = XCVersionGroup;
			children = (
				03252707258334D2000A102F /* dataStructs.xcdatamodel */,
			);
			currentVersion = 03252707258334D2000A102F /* dataStructs.xcdatamodel */;
			path = dataStructs.xcdatamodeld;
			sourceTree = "<group>";
			versionGroupType = wrapper.xcdatamodel;
		};
/* End XCVersionGroup section */
	};
	rootObject = 032526392583314B000A102F /* Project object */;
}
